// !$*UTF8*$!
{
	archiveVersion = 1;
	classes = {
	};
	objectVersion = 46;
	objects = {

/* Begin PBXBuildFile section */
		A2C1A4F81D950D5200EB9C9A /* main.m in Sources */ = {isa = PBXBuildFile; fileRef = A2C1A4F71D950D5200EB9C9A /* main.m */; };
		A2C1A4FB1D950D5200EB9C9A /* AppDelegate.m in Sources */ = {isa = PBXBuildFile; fileRef = A2C1A4FA1D950D5200EB9C9A /* AppDelegate.m */; };
		A2C1A4FE1D950D5200EB9C9A /* ViewController.m in Sources */ = {isa = PBXBuildFile; fileRef = A2C1A4FD1D950D5200EB9C9A /* ViewController.m */; };
		A2C1A5011D950D5200EB9C9A /* Main.storyboard in Resources */ = {isa = PBXBuildFile; fileRef = A2C1A4FF1D950D5200EB9C9A /* Main.storyboard */; };
		A2C1A5031D950D5200EB9C9A /* Assets.xcassets in Resources */ = {isa = PBXBuildFile; fileRef = A2C1A5021D950D5200EB9C9A /* Assets.xcassets */; };
		A2C1A5061D950D5200EB9C9A /* LaunchScreen.storyboard in Resources */ = {isa = PBXBuildFile; fileRef = A2C1A5041D950D5200EB9C9A /* LaunchScreen.storyboard */; };
/* End PBXBuildFile section */

/* Begin PBXFileReference section */
		A2C1A4F31D950D5200EB9C9A /* iOS-Example-demo.app */ = {isa = PBXFileReference; explicitFileType = wrapper.application; includeInIndex = 0; path = "iOS-Example-demo.app"; sourceTree = BUILT_PRODUCTS_DIR; };
		A2C1A4F71D950D5200EB9C9A /* main.m */ = {isa = PBXFileReference; lastKnownFileType = sourcecode.c.objc; path = main.m; sourceTree = "<group>"; };
		A2C1A4F91D950D5200EB9C9A /* AppDelegate.h */ = {isa = PBXFileReference; lastKnownFileType = sourcecode.c.h; path = AppDelegate.h; sourceTree = "<group>"; };
		A2C1A4FA1D950D5200EB9C9A /* AppDelegate.m */ = {isa = PBXFileReference; lastKnownFileType = sourcecode.c.objc; path = AppDelegate.m; sourceTree = "<group>"; };
		A2C1A4FC1D950D5200EB9C9A /* ViewController.h */ = {isa = PBXFileReference; lastKnownFileType = sourcecode.c.h; path = ViewController.h; sourceTree = "<group>"; };
		A2C1A4FD1D950D5200EB9C9A /* ViewController.m */ = {isa = PBXFileReference; lastKnownFileType = sourcecode.c.objc; path = ViewController.m; sourceTree = "<group>"; };
		A2C1A5001D950D5200EB9C9A /* Base */ = {isa = PBXFileReference; lastKnownFileType = file.storyboard; name = Base; path = Base.lproj/Main.storyboard; sourceTree = "<group>"; };
		A2C1A5021D950D5200EB9C9A /* Assets.xcassets */ = {isa = PBXFileReference; lastKnownFileType = folder.assetcatalog; path = Assets.xcassets; sourceTree = "<group>"; };
		A2C1A5051D950D5200EB9C9A /* Base */ = {isa = PBXFileReference; lastKnownFileType = file.storyboard; name = Base; path = Base.lproj/LaunchScreen.storyboard; sourceTree = "<group>"; };
		A2C1A5071D950D5200EB9C9A /* Info.plist */ = {isa = PBXFileReference; lastKnownFileType = text.plist.xml; path = Info.plist; sourceTree = "<group>"; };
/* End PBXFileReference section */

/* Begin PBXFrameworksBuildPhase section */
		A2C1A4F01D950D5200EB9C9A /* Frameworks */ = {
			isa = PBXFrameworksBuildPhase;
			buildActionMask = 2147483647;
			files = (
			);
			runOnlyForDeploymentPostprocessing = 0;
		};
/* End PBXFrameworksBuildPhase section */

/* Begin PBXGroup section */
		A2C1A4EA1D950D5200EB9C9A = {
			isa = PBXGroup;
			children = (
				A2C1A4F51D950D5200EB9C9A /* iOS-Example-demo */,
				A2C1A4F41D950D5200EB9C9A /* Products */,
			);
			sourceTree = "<group>";
		};
		A2C1A4F41D950D5200EB9C9A /* Products */ = {
			isa = PBXGroup;
			children = (
				A2C1A4F31D950D5200EB9C9A /* iOS-Example-demo.app */,
			);
			name = Products;
			sourceTree = "<group>";
		};
		A2C1A4F51D950D5200EB9C9A /* iOS-Example-demo */ = {
			isa = PBXGroup;
			children = (
				A2C1A4F91D950D5200EB9C9A /* AppDelegate.h */,
				A2C1A4FA1D950D5200EB9C9A /* AppDelegate.m */,
				A2C1A4FC1D950D5200EB9C9A /* ViewController.h */,
				A2C1A4FD1D950D5200EB9C9A /* ViewController.m */,
				A2C1A4FF1D950D5200EB9C9A /* Main.storyboard */,
				A2C1A5021D950D5200EB9C9A /* Assets.xcassets */,
				A2C1A5041D950D5200EB9C9A /* LaunchScreen.storyboard */,
				A2C1A5071D950D5200EB9C9A /* Info.plist */,
				A2C1A4F61D950D5200EB9C9A /* Supporting Files */,
			);
			path = "iOS-Example-demo";
			sourceTree = "<group>";
		};
		A2C1A4F61D950D5200EB9C9A /* Supporting Files */ = {
			isa = PBXGroup;
			children = (
				A2C1A4F71D950D5200EB9C9A /* main.m */,
			);
			name = "Supporting Files";
			sourceTree = "<group>";
		};
/* End PBXGroup section */

/* Begin PBXNativeTarget section */
		A2C1A4F21D950D5200EB9C9A /* iOS-Example-demo */ = {
			isa = PBXNativeTarget;
			buildConfigurationList = A2C1A50A1D950D5200EB9C9A /* Build configuration list for PBXNativeTarget "iOS-Example-demo" */;
			buildPhases = (
				A2C1A4EF1D950D5200EB9C9A /* Sources */,
				A2C1A4F01D950D5200EB9C9A /* Frameworks */,
				A2C1A4F11D950D5200EB9C9A /* Resources */,
			);
			buildRules = (
			);
			dependencies = (
			);
			name = "iOS-Example-demo";
			productName = "iOS-Example-demo";
			productReference = A2C1A4F31D950D5200EB9C9A /* iOS-Example-demo.app */;
			productType = "com.apple.product-type.application";
		};
/* End PBXNativeTarget section */

/* Begin PBXProject section */
		A2C1A4EB1D950D5200EB9C9A /* Project object */ = {
			isa = PBXProject;
			attributes = {
				LastUpgradeCheck = 0730;
				ORGANIZATIONNAME = Arvin;
				TargetAttributes = {
					A2C1A4F21D950D5200EB9C9A = {
						CreatedOnToolsVersion = 7.3.1;
					};
				};
			};
			buildConfigurationList = A2C1A4EE1D950D5200EB9C9A /* Build configuration list for PBXProject "iOS-Example-demo" */;
			compatibilityVersion = "Xcode 3.2";
			developmentRegion = English;
			hasScannedForEncodings = 0;
			knownRegions = (
				en,
				Base,
			);
			mainGroup = A2C1A4EA1D950D5200EB9C9A;
			productRefGroup = A2C1A4F41D950D5200EB9C9A /* Products */;
			projectDirPath = "";
			projectRoot = "";
			targets = (
				A2C1A4F21D950D5200EB9C9A /* iOS-Example-demo */,
			);
		};
/* End PBXProject section */

/* Begin PBXResourcesBuildPhase section */
		A2C1A4F11D950D5200EB9C9A /* Resources */ = {
			isa = PBXResourcesBuildPhase;
			buildActionMask = 2147483647;
			files = (
				A2C1A5061D950D5200EB9C9A /* LaunchScreen.storyboard in Resources */,
				A2C1A5031D950D5200EB9C9A /* Assets.xcassets in Resources */,
				A2C1A5011D950D5200EB9C9A /* Main.storyboard in Resources */,
			);
			runOnlyForDeploymentPostprocessing = 0;
		};
/* End PBXResourcesBuildPhase section */

/* Begin PBXSourcesBuildPhase section */
		A2C1A4EF1D950D5200EB9C9A /* Sources */ = {
			isa = PBXSourcesBuildPhase;
			buildActionMask = 2147483647;
			files = (
				A2C1A4FE1D950D5200EB9C9A /* ViewController.m in Sources */,
				A2C1A4FB1D950D5200EB9C9A /* AppDelegate.m in Sources */,
				A2C1A4F81D950D5200EB9C9A /* main.m in Sources */,
			);
			runOnlyForDeploymentPostprocessing = 0;
		};
/* End PBXSourcesBuildPhase section */

/* Begin PBXVariantGroup section */
		A2C1A4FF1D950D5200EB9C9A /* Main.storyboard */ = {
			isa = PBXVariantGroup;
			children = (
				A2C1A5001D950D5200EB9C9A /* Base */,
			);
			name = Main.storyboard;
			sourceTree = "<group>";
		};
		A2C1A5041D950D5200EB9C9A /* LaunchScreen.storyboard */ = {
			isa = PBXVariantGroup;
			children = (
				A2C1A5051D950D5200EB9C9A /* Base */,
			);
			name = LaunchScreen.storyboard;
			sourceTree = "<group>";
		};
/* End PBXVariantGroup section */

/* Begin XCBuildConfiguration section */
		A2C1A5081D950D5200EB9C9A /* Debug */ = {
			isa = XCBuildConfiguration;
			buildSettings = {
				ALWAYS_SEARCH_USER_PATHS = NO;
				CLANG_ANALYZER_NONNULL = YES;
				CLANG_CXX_LANGUAGE_STANDARD = "gnu++0x";
				CLANG_CXX_LIBRARY = "libc++";
				CLANG_ENABLE_MODULES = YES;
				CLANG_ENABLE_OBJC_ARC = YES;
				CLANG_WARN_BOOL_CONVERSION = YES;
				CLANG_WARN_CONSTANT_CONVERSION = YES;
				CLANG_WARN_DIRECT_OBJC_ISA_USAGE = YES_ERROR;
				CLANG_WARN_EMPTY_BODY = YES;
				CLANG_WARN_ENUM_CONVERSION = YES;
				CLANG_WARN_INT_CONVERSION = YES;
				CLANG_WARN_OBJC_ROOT_CLASS = YES_ERROR;
				CLANG_WARN_UNREACHABLE_CODE = YES;
				CLANG_WARN__DUPLICATE_METHOD_MATCH = YES;
				"CODE_SIGN_IDENTITY[sdk=iphoneos*]" = "iPhone Developer";
				COPY_PHASE_STRIP = NO;
				DEBUG_INFORMATION_FORMAT = dwarf;
				ENABLE_STRICT_OBJC_MSGSEND = YES;
				ENABLE_TESTABILITY = YES;
				GCC_C_LANGUAGE_STANDARD = gnu99;
				GCC_DYNAMIC_NO_PIC = NO;
				GCC_NO_COMMON_BLOCKS = YES;
				GCC_OPTIMIZATION_LEVEL = 0;
				GCC_PREPROCESSOR_DEFINITIONS = (
					"DEBUG=1",
					"$(inherited)",
				);
				GCC_WARN_64_TO_32_BIT_CONVERSION = YES;
				GCC_WARN_ABOUT_RETURN_TYPE = YES_ERROR;
				GCC_WARN_UNDECLARED_SELECTOR = YES;
				GCC_WARN_UNINITIALIZED_AUTOS = YES_AGGRESSIVE;
				GCC_WARN_UNUSED_FUNCTION = YES;
				GCC_WARN_UNUSED_VARIABLE = YES;
				IPHONEOS_DEPLOYMENT_TARGET = 9.3;
				MTL_ENABLE_DEBUG_INFO = YES;
				ONLY_ACTIVE_ARCH = YES;
				SDKROOT = iphoneos;
			};
			name = Debug;
		};
		A2C1A5091D950D5200EB9C9A /* Release */ = {
			isa = XCBuildConfiguration;
			buildSettings = {
				ALWAYS_SEARCH_USER_PATHS = NO;
				CLANG_ANALYZER_NONNULL = YES;
				CLANG_CXX_LANGUAGE_STANDARD = "gnu++0x";
				CLANG_CXX_LIBRARY = "libc++";
				CLANG_ENABLE_MODULES = YES;
				CLANG_ENABLE_OBJC_ARC = YES;
				CLANG_WARN_BOOL_CONVERSION = YES;
				CLANG_WARN_CONSTANT_CONVERSION = YES;
				CLANG_WARN_DIRECT_OBJC_ISA_USAGE = YES_ERROR;
				CLANG_WARN_EMPTY_BODY = YES;
				CLANG_WARN_ENUM_CONVERSION = YES;
				CLANG_WARN_INT_CONVERSION = YES;
				CLANG_WARN_OBJC_ROOT_CLASS = YES_ERROR;
				CLANG_WARN_UNREACHABLE_CODE = YES;
				CLANG_WARN__DUPLICATE_METHOD_MATCH = YES;
				"CODE_SIGN_IDENTITY[sdk=iphoneos*]" = "iPhone Developer";
				COPY_PHASE_STRIP = NO;
				DEBUG_INFORMATION_FORMAT = "dwarf-with-dsym";
				ENABLE_NS_ASSERTIONS = NO;
				ENABLE_STRICT_OBJC_MSGSEND = YES;
				GCC_C_LANGUAGE_STANDARD = gnu99;
				GCC_NO_COMMON_BLOCKS = YES;
				GCC_WARN_64_TO_32_BIT_CONVERSION = YES;
				GCC_WARN_ABOUT_RETURN_TYPE = YES_ERROR;
				GCC_WARN_UNDECLARED_SELECTOR = YES;
				GCC_WARN_UNINITIALIZED_AUTOS = YES_AGGRESSIVE;
				GCC_WARN_UNUSED_FUNCTION = YES;
				GCC_WARN_UNUSED_VARIABLE = YES;
				IPHONEOS_DEPLOYMENT_TARGET = 9.3;
				MTL_ENABLE_DEBUG_INFO = NO;
				SDKROOT = iphoneos;
				VALIDATE_PRODUCT = YES;
			};
			name = Release;
		};
		A2C1A50B1D950D5200EB9C9A /* Debug */ = {
			isa = XCBuildConfiguration;
			buildSettings = {
				ASSETCATALOG_COMPILER_APPICON_NAME = AppIcon;
				INFOPLIST_FILE = "iOS-Example-demo/Info.plist";
				LD_RUNPATH_SEARCH_PATHS = "$(inherited) @executable_path/Frameworks";
				PRODUCT_BUNDLE_IDENTIFIER = "cn.Arvin.iOS-Example-demo";
				PRODUCT_NAME = "$(TARGET_NAME)";
			};
			name = Debug;
		};
		A2C1A50C1D950D5200EB9C9A /* Release */ = {
			isa = XCBuildConfiguration;
			buildSettings = {
				ASSETCATALOG_COMPILER_APPICON_NAME = AppIcon;
				INFOPLIST_FILE = "iOS-Example-demo/Info.plist";
				LD_RUNPATH_SEARCH_PATHS = "$(inherited) @executable_path/Frameworks";
				PRODUCT_BUNDLE_IDENTIFIER = "cn.Arvin.iOS-Example-demo";
				PRODUCT_NAME = "$(TARGET_NAME)";
			};
			name = Release;
		};
/* End XCBuildConfiguration section */

/* Begin XCConfigurationList section */
		A2C1A4EE1D950D5200EB9C9A /* Build configuration list for PBXProject "iOS-Example-demo" */ = {
			isa = XCConfigurationList;
			buildConfigurations = (
				A2C1A5081D950D5200EB9C9A /* Debug */,
				A2C1A5091D950D5200EB9C9A /* Release */,
			);
			defaultConfigurationIsVisible = 0;
			defaultConfigurationName = Release;
		};
		A2C1A50A1D950D5200EB9C9A /* Build configuration list for PBXNativeTarget "iOS-Example-demo" */ = {
			isa = XCConfigurationList;
			buildConfigurations = (
				A2C1A50B1D950D5200EB9C9A /* Debug */,
				A2C1A50C1D950D5200EB9C9A /* Release */,
			);
			defaultConfigurationIsVisible = 0;
		};
/* End XCConfigurationList section */
	};
	rootObject = A2C1A4EB1D950D5200EB9C9A /* Project object */;
}
