// !$*UTF8*$!
{
	archiveVersion = 1;
	classes = {
	};
	objectVersion = 46;
	objects = {

/* Begin PBXBuildFile section */
		A232DA1E1D980DCB008B0D9C /* YYTestViewController.m in Sources */ = {isa = PBXBuildFile; fileRef = A232DA1D1D980DCB008B0D9C /* YYTestViewController.m */; };
		A2C1A4F81D950D5200EB9C9A /* main.m in Sources */ = {isa = PBXBuildFile; fileRef = A2C1A4F71D950D5200EB9C9A /* main.m */; };
		A2C1A4FB1D950D5200EB9C9A /* AppDelegate.m in Sources */ = {isa = PBXBuildFile; fileRef = A2C1A4FA1D950D5200EB9C9A /* AppDelegate.m */; };
		A2C1A5031D950D5200EB9C9A /* Assets.xcassets in Resources */ = {isa = PBXBuildFile; fileRef = A2C1A5021D950D5200EB9C9A /* Assets.xcassets */; };
		A2C1A5251D95138200EB9C9A /* YYEatViewController.m in Sources */ = {isa = PBXBuildFile; fileRef = A2C1A5241D95138200EB9C9A /* YYEatViewController.m */; };
		A2C1A52C1D9514A000EB9C9A /* YYTabBarController.m in Sources */ = {isa = PBXBuildFile; fileRef = A2C1A52B1D9514A000EB9C9A /* YYTabBarController.m */; };
		A2C1A52F1D9514E100EB9C9A /* YYNavigationController.m in Sources */ = {isa = PBXBuildFile; fileRef = A2C1A52E1D9514E100EB9C9A /* YYNavigationController.m */; };
		A2C1A5321D9515F500EB9C9A /* YYTabBar.m in Sources */ = {isa = PBXBuildFile; fileRef = A2C1A5311D9515F500EB9C9A /* YYTabBar.m */; };
		A2C1A5351D9516D400EB9C9A /* UIView+Extension.m in Sources */ = {isa = PBXBuildFile; fileRef = A2C1A5341D9516D400EB9C9A /* UIView+Extension.m */; };
		A2C1A5381D95177B00EB9C9A /* YYDrinkViewController.m in Sources */ = {isa = PBXBuildFile; fileRef = A2C1A5371D95177B00EB9C9A /* YYDrinkViewController.m */; };
		A2C1A53B1D95179300EB9C9A /* YYPlayViewController.m in Sources */ = {isa = PBXBuildFile; fileRef = A2C1A53A1D95179300EB9C9A /* YYPlayViewController.m */; };
		A2C1A53E1D9517AB00EB9C9A /* YYLiveViewController.m in Sources */ = {isa = PBXBuildFile; fileRef = A2C1A53D1D9517AB00EB9C9A /* YYLiveViewController.m */; };
/* End PBXBuildFile section */

/* Begin PBXFileReference section */
		A232DA1C1D980DCB008B0D9C /* YYTestViewController.h */ = {isa = PBXFileReference; fileEncoding = 4; lastKnownFileType = sourcecode.c.h; path = YYTestViewController.h; sourceTree = "<group>"; };
		A232DA1D1D980DCB008B0D9C /* YYTestViewController.m */ = {isa = PBXFileReference; fileEncoding = 4; lastKnownFileType = sourcecode.c.objc; path = YYTestViewController.m; sourceTree = "<group>"; };
		A2C1A4F31D950D5200EB9C9A /* iOS-Example-demo.app */ = {isa = PBXFileReference; explicitFileType = wrapper.application; includeInIndex = 0; path = "iOS-Example-demo.app"; sourceTree = BUILT_PRODUCTS_DIR; };
		A2C1A4F71D950D5200EB9C9A /* main.m */ = {isa = PBXFileReference; lastKnownFileType = sourcecode.c.objc; path = main.m; sourceTree = "<group>"; };
		A2C1A4F91D950D5200EB9C9A /* AppDelegate.h */ = {isa = PBXFileReference; lastKnownFileType = sourcecode.c.h; name = AppDelegate.h; path = ../AppDelegate.h; sourceTree = "<group>"; };
		A2C1A4FA1D950D5200EB9C9A /* AppDelegate.m */ = {isa = PBXFileReference; lastKnownFileType = sourcecode.c.objc; name = AppDelegate.m; path = ../AppDelegate.m; sourceTree = "<group>"; };
		A2C1A5021D950D5200EB9C9A /* Assets.xcassets */ = {isa = PBXFileReference; lastKnownFileType = folder.assetcatalog; path = Assets.xcassets; sourceTree = "<group>"; };
		A2C1A5071D950D5200EB9C9A /* Info.plist */ = {isa = PBXFileReference; lastKnownFileType = text.plist.xml; path = Info.plist; sourceTree = "<group>"; };
		A2C1A5231D95138200EB9C9A /* YYEatViewController.h */ = {isa = PBXFileReference; fileEncoding = 4; lastKnownFileType = sourcecode.c.h; path = YYEatViewController.h; sourceTree = "<group>"; };
		A2C1A5241D95138200EB9C9A /* YYEatViewController.m */ = {isa = PBXFileReference; fileEncoding = 4; lastKnownFileType = sourcecode.c.objc; path = YYEatViewController.m; sourceTree = "<group>"; };
		A2C1A52A1D9514A000EB9C9A /* YYTabBarController.h */ = {isa = PBXFileReference; fileEncoding = 4; lastKnownFileType = sourcecode.c.h; path = YYTabBarController.h; sourceTree = "<group>"; };
		A2C1A52B1D9514A000EB9C9A /* YYTabBarController.m */ = {isa = PBXFileReference; fileEncoding = 4; lastKnownFileType = sourcecode.c.objc; path = YYTabBarController.m; sourceTree = "<group>"; };
		A2C1A52D1D9514E100EB9C9A /* YYNavigationController.h */ = {isa = PBXFileReference; fileEncoding = 4; lastKnownFileType = sourcecode.c.h; path = YYNavigationController.h; sourceTree = "<group>"; };
		A2C1A52E1D9514E100EB9C9A /* YYNavigationController.m */ = {isa = PBXFileReference; fileEncoding = 4; lastKnownFileType = sourcecode.c.objc; path = YYNavigationController.m; sourceTree = "<group>"; };
		A2C1A5301D9515F500EB9C9A /* YYTabBar.h */ = {isa = PBXFileReference; fileEncoding = 4; lastKnownFileType = sourcecode.c.h; path = YYTabBar.h; sourceTree = "<group>"; };
		A2C1A5311D9515F500EB9C9A /* YYTabBar.m */ = {isa = PBXFileReference; fileEncoding = 4; lastKnownFileType = sourcecode.c.objc; path = YYTabBar.m; sourceTree = "<group>"; };
		A2C1A5331D9516D400EB9C9A /* UIView+Extension.h */ = {isa = PBXFileReference; fileEncoding = 4; lastKnownFileType = sourcecode.c.h; path = "UIView+Extension.h"; sourceTree = "<group>"; };
		A2C1A5341D9516D400EB9C9A /* UIView+Extension.m */ = {isa = PBXFileReference; fileEncoding = 4; lastKnownFileType = sourcecode.c.objc; path = "UIView+Extension.m"; sourceTree = "<group>"; };
		A2C1A5361D95177B00EB9C9A /* YYDrinkViewController.h */ = {isa = PBXFileReference; fileEncoding = 4; lastKnownFileType = sourcecode.c.h; path = YYDrinkViewController.h; sourceTree = "<group>"; };
		A2C1A5371D95177B00EB9C9A /* YYDrinkViewController.m */ = {isa = PBXFileReference; fileEncoding = 4; lastKnownFileType = sourcecode.c.objc; path = YYDrinkViewController.m; sourceTree = "<group>"; };
		A2C1A5391D95179300EB9C9A /* YYPlayViewController.h */ = {isa = PBXFileReference; fileEncoding = 4; lastKnownFileType = sourcecode.c.h; path = YYPlayViewController.h; sourceTree = "<group>"; };
		A2C1A53A1D95179300EB9C9A /* YYPlayViewController.m */ = {isa = PBXFileReference; fileEncoding = 4; lastKnownFileType = sourcecode.c.objc; path = YYPlayViewController.m; sourceTree = "<group>"; };
		A2C1A53C1D9517AB00EB9C9A /* YYLiveViewController.h */ = {isa = PBXFileReference; fileEncoding = 4; lastKnownFileType = sourcecode.c.h; path = YYLiveViewController.h; sourceTree = "<group>"; };
		A2C1A53D1D9517AB00EB9C9A /* YYLiveViewController.m */ = {isa = PBXFileReference; fileEncoding = 4; lastKnownFileType = sourcecode.c.objc; path = YYLiveViewController.m; sourceTree = "<group>"; };
/* End PBXFileReference section */

/* Begin PBXFrameworksBuildPhase section */
		A2C1A4F01D950D5200EB9C9A /* Frameworks */ = {
			isa = PBXFrameworksBuildPhase;
			buildActionMask = 2147483647;
			files = (
			);
			runOnlyForDeploymentPostprocessing = 0;
		};
/* End PBXFrameworksBuildPhase section */

/* Begin PBXGroup section */
		A2C1A4EA1D950D5200EB9C9A = {
			isa = PBXGroup;
			children = (
				A2C1A4F51D950D5200EB9C9A /* iOS-Example-demo */,
				A2C1A4F41D950D5200EB9C9A /* Products */,
			);
			sourceTree = "<group>";
		};
		A2C1A4F41D950D5200EB9C9A /* Products */ = {
			isa = PBXGroup;
			children = (
				A2C1A4F31D950D5200EB9C9A /* iOS-Example-demo.app */,
			);
			name = Products;
			sourceTree = "<group>";
		};
		A2C1A4F51D950D5200EB9C9A /* iOS-Example-demo */ = {
			isa = PBXGroup;
			children = (
				A2C1A50D1D95121100EB9C9A /* Classes */,
				A2C1A4F61D950D5200EB9C9A /* Supporting Files */,
			);
			path = "iOS-Example-demo";
			sourceTree = "<group>";
		};
		A2C1A4F61D950D5200EB9C9A /* Supporting Files */ = {
			isa = PBXGroup;
			children = (
				A2C1A5021D950D5200EB9C9A /* Assets.xcassets */,
				A2C1A5071D950D5200EB9C9A /* Info.plist */,
				A2C1A4F71D950D5200EB9C9A /* main.m */,
			);
			name = "Supporting Files";
			sourceTree = "<group>";
		};
		A2C1A50D1D95121100EB9C9A /* Classes */ = {
			isa = PBXGroup;
			children = (
				A2C1A4F91D950D5200EB9C9A /* AppDelegate.h */,
				A2C1A4FA1D950D5200EB9C9A /* AppDelegate.m */,
				A2C1A5121D95121100EB9C9A /* Module */,
				A2C1A5101D95121100EB9C9A /* Extension */,
				A2C1A50E1D95121100EB9C9A /* Category */,
				A2C1A50F1D95121100EB9C9A /* Common */,
				A2C1A5111D95121100EB9C9A /* Library */,
			);
			path = Classes;
			sourceTree = "<group>";
		};
		A2C1A50E1D95121100EB9C9A /* Category */ = {
			isa = PBXGroup;
			children = (
				A2C1A5331D9516D400EB9C9A /* UIView+Extension.h */,
				A2C1A5341D9516D400EB9C9A /* UIView+Extension.m */,
			);
			path = Category;
			sourceTree = "<group>";
		};
		A2C1A50F1D95121100EB9C9A /* Common */ = {
			isa = PBXGroup;
			children = (
			);
			path = Common;
			sourceTree = "<group>";
		};
		A2C1A5101D95121100EB9C9A /* Extension */ = {
			isa = PBXGroup;
			children = (
			);
			path = Extension;
			sourceTree = "<group>";
		};
		A2C1A5111D95121100EB9C9A /* Library */ = {
			isa = PBXGroup;
			children = (
			);
			path = Library;
			sourceTree = "<group>";
		};
		A2C1A5121D95121100EB9C9A /* Module */ = {
			isa = PBXGroup;
			children = (
				A2C1A5261D95145000EB9C9A /* Main */,
				A2C1A5171D95121100EB9C9A /* Eat */,
				A2C1A5131D95121100EB9C9A /* Drink */,
				A2C1A51F1D95121100EB9C9A /* Play */,
				A2C1A51B1D95121100EB9C9A /* Live */,
			);
			path = Module;
			sourceTree = "<group>";
		};
		A2C1A5131D95121100EB9C9A /* Drink */ = {
			isa = PBXGroup;
			children = (
				A2C1A5151D95121100EB9C9A /* Model */,
				A2C1A5161D95121100EB9C9A /* View */,
				A2C1A5141D95121100EB9C9A /* Controller */,
			);
			path = Drink;
			sourceTree = "<group>";
		};
		A2C1A5141D95121100EB9C9A /* Controller */ = {
			isa = PBXGroup;
			children = (
				A2C1A5361D95177B00EB9C9A /* YYDrinkViewController.h */,
				A2C1A5371D95177B00EB9C9A /* YYDrinkViewController.m */,
			);
			path = Controller;
			sourceTree = "<group>";
		};
		A2C1A5151D95121100EB9C9A /* Model */ = {
			isa = PBXGroup;
			children = (
			);
			path = Model;
			sourceTree = "<group>";
		};
		A2C1A5161D95121100EB9C9A /* View */ = {
			isa = PBXGroup;
			children = (
			);
			path = View;
			sourceTree = "<group>";
		};
		A2C1A5171D95121100EB9C9A /* Eat */ = {
			isa = PBXGroup;
			children = (
				A2C1A5191D95121100EB9C9A /* Model */,
				A2C1A51A1D95121100EB9C9A /* View */,
				A2C1A5181D95121100EB9C9A /* Controller */,
			);
			path = Eat;
			sourceTree = "<group>";
		};
		A2C1A5181D95121100EB9C9A /* Controller */ = {
			isa = PBXGroup;
			children = (
				A2C1A5231D95138200EB9C9A /* YYEatViewController.h */,
				A2C1A5241D95138200EB9C9A /* YYEatViewController.m */,
			);
			path = Controller;
			sourceTree = "<group>";
		};
		A2C1A5191D95121100EB9C9A /* Model */ = {
			isa = PBXGroup;
			children = (
			);
			path = Model;
			sourceTree = "<group>";
		};
		A2C1A51A1D95121100EB9C9A /* View */ = {
			isa = PBXGroup;
			children = (
			);
			path = View;
			sourceTree = "<group>";
		};
		A2C1A51B1D95121100EB9C9A /* Live */ = {
			isa = PBXGroup;
			children = (
				A2C1A51D1D95121100EB9C9A /* Model */,
				A2C1A51E1D95121100EB9C9A /* View */,
				A2C1A51C1D95121100EB9C9A /* Controller */,
			);
			path = Live;
			sourceTree = "<group>";
		};
		A2C1A51C1D95121100EB9C9A /* Controller */ = {
			isa = PBXGroup;
			children = (
				A2C1A53C1D9517AB00EB9C9A /* YYLiveViewController.h */,
				A2C1A53D1D9517AB00EB9C9A /* YYLiveViewController.m */,
				A232DA1C1D980DCB008B0D9C /* YYTestViewController.h */,
				A232DA1D1D980DCB008B0D9C /* YYTestViewController.m */,
			);
			path = Controller;
			sourceTree = "<group>";
		};
		A2C1A51D1D95121100EB9C9A /* Model */ = {
			isa = PBXGroup;
			children = (
			);
			path = Model;
			sourceTree = "<group>";
		};
		A2C1A51E1D95121100EB9C9A /* View */ = {
			isa = PBXGroup;
			children = (
			);
			path = View;
			sourceTree = "<group>";
		};
		A2C1A51F1D95121100EB9C9A /* Play */ = {
			isa = PBXGroup;
			children = (
				A2C1A5211D95121100EB9C9A /* Model */,
				A2C1A5221D95121100EB9C9A /* View */,
				A2C1A5201D95121100EB9C9A /* Controller */,
			);
			path = Play;
			sourceTree = "<group>";
		};
		A2C1A5201D95121100EB9C9A /* Controller */ = {
			isa = PBXGroup;
			children = (
				A2C1A5391D95179300EB9C9A /* YYPlayViewController.h */,
				A2C1A53A1D95179300EB9C9A /* YYPlayViewController.m */,
			);
			path = Controller;
			sourceTree = "<group>";
		};
		A2C1A5211D95121100EB9C9A /* Model */ = {
			isa = PBXGroup;
			children = (
			);
			path = Model;
			sourceTree = "<group>";
		};
		A2C1A5221D95121100EB9C9A /* View */ = {
			isa = PBXGroup;
			children = (
			);
			path = View;
			sourceTree = "<group>";
		};
		A2C1A5261D95145000EB9C9A /* Main */ = {
			isa = PBXGroup;
			children = (
				A2C1A5281D95145000EB9C9A /* Model */,
				A2C1A5291D95145000EB9C9A /* View */,
				A2C1A5271D95145000EB9C9A /* Controller */,
			);
			path = Main;
			sourceTree = "<group>";
		};
		A2C1A5271D95145000EB9C9A /* Controller */ = {
			isa = PBXGroup;
			children = (
				A2C1A52A1D9514A000EB9C9A /* YYTabBarController.h */,
				A2C1A52B1D9514A000EB9C9A /* YYTabBarController.m */,
				A2C1A52D1D9514E100EB9C9A /* YYNavigationController.h */,
				A2C1A52E1D9514E100EB9C9A /* YYNavigationController.m */,
			);
			path = Controller;
			sourceTree = "<group>";
		};
		A2C1A5281D95145000EB9C9A /* Model */ = {
			isa = PBXGroup;
			children = (
			);
			path = Model;
			sourceTree = "<group>";
		};
		A2C1A5291D95145000EB9C9A /* View */ = {
			isa = PBXGroup;
			children = (
				A2C1A5301D9515F500EB9C9A /* YYTabBar.h */,
				A2C1A5311D9515F500EB9C9A /* YYTabBar.m */,
			);
			path = View;
			sourceTree = "<group>";
		};
/* End PBXGroup section */

/* Begin PBXNativeTarget section */
		A2C1A4F21D950D5200EB9C9A /* iOS-Example-demo */ = {
			isa = PBXNativeTarget;
			buildConfigurationList = A2C1A50A1D950D5200EB9C9A /* Build configuration list for PBXNativeTarget "iOS-Example-demo" */;
			buildPhases = (
				A2C1A4EF1D950D5200EB9C9A /* Sources */,
				A2C1A4F01D950D5200EB9C9A /* Frameworks */,
				A2C1A4F11D950D5200EB9C9A /* Resources */,
			);
			buildRules = (
			);
			dependencies = (
			);
			name = "iOS-Example-demo";
			productName = "iOS-Example-demo";
			productReference = A2C1A4F31D950D5200EB9C9A /* iOS-Example-demo.app */;
			productType = "com.apple.product-type.application";
		};
/* End PBXNativeTarget section */

/* Begin PBXProject section */
		A2C1A4EB1D950D5200EB9C9A /* Project object */ = {
			isa = PBXProject;
			attributes = {
				CLASSPREFIX = YY;
				LastUpgradeCheck = 0730;
				ORGANIZATIONNAME = Arvin;
				TargetAttributes = {
					A2C1A4F21D950D5200EB9C9A = {
						CreatedOnToolsVersion = 7.3.1;
					};
				};
			};
			buildConfigurationList = A2C1A4EE1D950D5200EB9C9A /* Build configuration list for PBXProject "iOS-Example-demo" */;
			compatibilityVersion = "Xcode 3.2";
			developmentRegion = English;
			hasScannedForEncodings = 0;
			knownRegions = (
				en,
				Base,
			);
			mainGroup = A2C1A4EA1D950D5200EB9C9A;
			productRefGroup = A2C1A4F41D950D5200EB9C9A /* Products */;
			projectDirPath = "";
			projectRoot = "";
			targets = (
				A2C1A4F21D950D5200EB9C9A /* iOS-Example-demo */,
			);
		};
/* End PBXProject section */

/* Begin PBXResourcesBuildPhase section */
		A2C1A4F11D950D5200EB9C9A /* Resources */ = {
			isa = PBXResourcesBuildPhase;
			buildActionMask = 2147483647;
			files = (
				A2C1A5031D950D5200EB9C9A /* Assets.xcassets in Resources */,
			);
			runOnlyForDeploymentPostprocessing = 0;
		};
/* End PBXResourcesBuildPhase section */

/* Begin PBXSourcesBuildPhase section */
		A2C1A4EF1D950D5200EB9C9A /* Sources */ = {
			isa = PBXSourcesBuildPhase;
			buildActionMask = 2147483647;
			files = (
				A2C1A5251D95138200EB9C9A /* YYEatViewController.m in Sources */,
				A2C1A53B1D95179300EB9C9A /* YYPlayViewController.m in Sources */,
				A2C1A53E1D9517AB00EB9C9A /* YYLiveViewController.m in Sources */,
				A2C1A52C1D9514A000EB9C9A /* YYTabBarController.m in Sources */,
				A2C1A4FB1D950D5200EB9C9A /* AppDelegate.m in Sources */,
				A232DA1E1D980DCB008B0D9C /* YYTestViewController.m in Sources */,
				A2C1A5381D95177B00EB9C9A /* YYDrinkViewController.m in Sources */,
				A2C1A5351D9516D400EB9C9A /* UIView+Extension.m in Sources */,
				A2C1A5321D9515F500EB9C9A /* YYTabBar.m in Sources */,
				A2C1A4F81D950D5200EB9C9A /* main.m in Sources */,
				A2C1A52F1D9514E100EB9C9A /* YYNavigationController.m in Sources */,
			);
			runOnlyForDeploymentPostprocessing = 0;
		};
/* End PBXSourcesBuildPhase section */

/* Begin XCBuildConfiguration section */
		A2C1A5081D950D5200EB9C9A /* Debug */ = {
			isa = XCBuildConfiguration;
			buildSettings = {
				ALWAYS_SEARCH_USER_PATHS = NO;
				CLANG_ANALYZER_NONNULL = YES;
				CLANG_CXX_LANGUAGE_STANDARD = "gnu++0x";
				CLANG_CXX_LIBRARY = "libc++";
				CLANG_ENABLE_MODULES = YES;
				CLANG_ENABLE_OBJC_ARC = YES;
				CLANG_WARN_BOOL_CONVERSION = YES;
				CLANG_WARN_CONSTANT_CONVERSION = YES;
				CLANG_WARN_DIRECT_OBJC_ISA_USAGE = YES_ERROR;
				CLANG_WARN_EMPTY_BODY = YES;
				CLANG_WARN_ENUM_CONVERSION = YES;
				CLANG_WARN_INT_CONVERSION = YES;
				CLANG_WARN_OBJC_ROOT_CLASS = YES_ERROR;
				CLANG_WARN_UNREACHABLE_CODE = YES;
				CLANG_WARN__DUPLICATE_METHOD_MATCH = YES;
				"CODE_SIGN_IDENTITY[sdk=iphoneos*]" = "iPhone Developer";
				COPY_PHASE_STRIP = NO;
				DEBUG_INFORMATION_FORMAT = dwarf;
				ENABLE_STRICT_OBJC_MSGSEND = YES;
				ENABLE_TESTABILITY = YES;
				GCC_C_LANGUAGE_STANDARD = gnu99;
				GCC_DYNAMIC_NO_PIC = NO;
				GCC_NO_COMMON_BLOCKS = YES;
				GCC_OPTIMIZATION_LEVEL = 0;
				GCC_PREPROCESSOR_DEFINITIONS = (
					"DEBUG=1",
					"$(inherited)",
				);
				GCC_WARN_64_TO_32_BIT_CONVERSION = YES;
				GCC_WARN_ABOUT_RETURN_TYPE = YES_ERROR;
				GCC_WARN_UNDECLARED_SELECTOR = YES;
				GCC_WARN_UNINITIALIZED_AUTOS = YES_AGGRESSIVE;
				GCC_WARN_UNUSED_FUNCTION = YES;
				GCC_WARN_UNUSED_VARIABLE = YES;
				IPHONEOS_DEPLOYMENT_TARGET = 9.3;
				MTL_ENABLE_DEBUG_INFO = YES;
				ONLY_ACTIVE_ARCH = YES;
				SDKROOT = iphoneos;
			};
			name = Debug;
		};
		A2C1A5091D950D5200EB9C9A /* Release */ = {
			isa = XCBuildConfiguration;
			buildSettings = {
				ALWAYS_SEARCH_USER_PATHS = NO;
				CLANG_ANALYZER_NONNULL = YES;
				CLANG_CXX_LANGUAGE_STANDARD = "gnu++0x";
				CLANG_CXX_LIBRARY = "libc++";
				CLANG_ENABLE_MODULES = YES;
				CLANG_ENABLE_OBJC_ARC = YES;
				CLANG_WARN_BOOL_CONVERSION = YES;
				CLANG_WARN_CONSTANT_CONVERSION = YES;
				CLANG_WARN_DIRECT_OBJC_ISA_USAGE = YES_ERROR;
				CLANG_WARN_EMPTY_BODY = YES;
				CLANG_WARN_ENUM_CONVERSION = YES;
				CLANG_WARN_INT_CONVERSION = YES;
				CLANG_WARN_OBJC_ROOT_CLASS = YES_ERROR;
				CLANG_WARN_UNREACHABLE_CODE = YES;
				CLANG_WARN__DUPLICATE_METHOD_MATCH = YES;
				"CODE_SIGN_IDENTITY[sdk=iphoneos*]" = "iPhone Developer";
				COPY_PHASE_STRIP = NO;
				DEBUG_INFORMATION_FORMAT = "dwarf-with-dsym";
				ENABLE_NS_ASSERTIONS = NO;
				ENABLE_STRICT_OBJC_MSGSEND = YES;
				GCC_C_LANGUAGE_STANDARD = gnu99;
				GCC_NO_COMMON_BLOCKS = YES;
				GCC_WARN_64_TO_32_BIT_CONVERSION = YES;
				GCC_WARN_ABOUT_RETURN_TYPE = YES_ERROR;
				GCC_WARN_UNDECLARED_SELECTOR = YES;
				GCC_WARN_UNINITIALIZED_AUTOS = YES_AGGRESSIVE;
				GCC_WARN_UNUSED_FUNCTION = YES;
				GCC_WARN_UNUSED_VARIABLE = YES;
				IPHONEOS_DEPLOYMENT_TARGET = 9.3;
				MTL_ENABLE_DEBUG_INFO = NO;
				SDKROOT = iphoneos;
				VALIDATE_PRODUCT = YES;
			};
			name = Release;
		};
		A2C1A50B1D950D5200EB9C9A /* Debug */ = {
			isa = XCBuildConfiguration;
			buildSettings = {
				ASSETCATALOG_COMPILER_APPICON_NAME = AppIcon;
				ASSETCATALOG_COMPILER_LAUNCHIMAGE_NAME = "Brand Assets";
				INFOPLIST_FILE = "iOS-Example-demo/Info.plist";
				IPHONEOS_DEPLOYMENT_TARGET = 7.0;
				LD_RUNPATH_SEARCH_PATHS = "$(inherited) @executable_path/Frameworks";
				PRODUCT_BUNDLE_IDENTIFIER = "cn.Arvin.iOS-Example-demo";
				PRODUCT_NAME = "$(TARGET_NAME)";
			};
			name = Debug;
		};
		A2C1A50C1D950D5200EB9C9A /* Release */ = {
			isa = XCBuildConfiguration;
			buildSettings = {
				ASSETCATALOG_COMPILER_APPICON_NAME = AppIcon;
				ASSETCATALOG_COMPILER_LAUNCHIMAGE_NAME = "Brand Assets";
				INFOPLIST_FILE = "iOS-Example-demo/Info.plist";
				IPHONEOS_DEPLOYMENT_TARGET = 7.0;
				LD_RUNPATH_SEARCH_PATHS = "$(inherited) @executable_path/Frameworks";
				PRODUCT_BUNDLE_IDENTIFIER = "cn.Arvin.iOS-Example-demo";
				PRODUCT_NAME = "$(TARGET_NAME)";
			};
			name = Release;
		};
/* End XCBuildConfiguration section */

/* Begin XCConfigurationList section */
		A2C1A4EE1D950D5200EB9C9A /* Build configuration list for PBXProject "iOS-Example-demo" */ = {
			isa = XCConfigurationList;
			buildConfigurations = (
				A2C1A5081D950D5200EB9C9A /* Debug */,
				A2C1A5091D950D5200EB9C9A /* Release */,
			);
			defaultConfigurationIsVisible = 0;
			defaultConfigurationName = Release;
		};
		A2C1A50A1D950D5200EB9C9A /* Build configuration list for PBXNativeTarget "iOS-Example-demo" */ = {
			isa = XCConfigurationList;
			buildConfigurations = (
				A2C1A50B1D950D5200EB9C9A /* Debug */,
				A2C1A50C1D950D5200EB9C9A /* Release */,
			);
			defaultConfigurationIsVisible = 0;
			defaultConfigurationName = Release;
		};
/* End XCConfigurationList section */
	};
	rootObject = A2C1A4EB1D950D5200EB9C9A /* Project object */;
}
